# THIS IS AN AUTOGENERATED FILE. DO NOT EDIT THIS FILE DIRECTLY.
# yarn lockfile v1


"@0no-co/graphql.web@^1.0.1":
  version "1.0.7"
  resolved "https://registry.npmjs.org/@0no-co/graphql.web/-/graphql.web-1.0.7.tgz"
  integrity sha512-E3Qku4mTzdrlwVWGPxklDnME5ANrEGetvYw4i2GCRlppWXXE4QD66j7pwb8HelZwS6LnqEChhrSOGCXpbiu6MQ==

"@adraffy/ens-normalize@1.10.0":
  version "1.10.0"
  resolved "https://registry.npmjs.org/@adraffy/ens-normalize/-/ens-normalize-1.10.0.tgz"
  integrity sha512-nA9XHtlAkYfJxY7bce8DcN7eKxWWCWkU+1GR9d+U6MbNpfwQp8TI7vqOsBsMcHoT4mBu2kypKoSKnghEzOOq5Q==

"@doiim/tikua@^0.8.1":
  version "0.8.1"
  resolved "https://registry.npmjs.org/@doiim/tikua/-/tikua-0.8.1.tgz"
  integrity sha512-n0aEXkFD6aguIudJCTSX6aC6+Qi5O+SKhiYcxwdJUgqmfZVbJ5MoY8Pf4UocedKyiHt6n7TO82BsMo2sbjz06Q==
  dependencies:
    "@urql/core" "^4.3.0"
    viem "^2.9.3"

"@noble/curves@1.2.0", "@noble/curves@~1.2.0":
  version "1.2.0"
  resolved "https://registry.npmjs.org/@noble/curves/-/curves-1.2.0.tgz"
  integrity sha512-oYclrNgRaM9SsBUBVbb8M6DTV7ZHRTKugureoYEncY5c65HOmRzvSiTE3y5CYaPYJA/GVkrhXEoF0M3Ya9PMnw==
  dependencies:
    "@noble/hashes" "1.3.2"

"@noble/hashes@1.3.2", "@noble/hashes@~1.3.0", "@noble/hashes@~1.3.2":
  version "1.3.2"
  resolved "https://registry.npmjs.org/@noble/hashes/-/hashes-1.3.2.tgz"
  integrity sha512-MVC8EAQp7MvEcm30KWENFjgR+Mkmf+D189XJTkFIlwohU5hcBbn1ZkKq7KVTi2Hme3PMGF390DaL52beVrIihQ==

"@scure/base@~1.1.0", "@scure/base@~1.1.2":
  version "1.1.7"
  resolved "https://registry.npmjs.org/@scure/base/-/base-1.1.7.tgz"
  integrity sha512-PPNYBslrLNNUQ/Yad37MHYsNQtK67EhWb6WtSvNLLPo7SdVZgkUjD6Dg+5On7zNwmskf8OX7I7Nx5oN+MIWE0g==

"@scure/bip32@1.3.2":
  version "1.3.2"
  resolved "https://registry.npmjs.org/@scure/bip32/-/bip32-1.3.2.tgz"
  integrity sha512-N1ZhksgwD3OBlwTv3R6KFEcPojl/W4ElJOeCZdi+vuI5QmTFwLq3OFf2zd2ROpKvxFdgZ6hUpb0dx9bVNEwYCA==
  dependencies:
    "@noble/curves" "~1.2.0"
    "@noble/hashes" "~1.3.2"
    "@scure/base" "~1.1.2"

"@scure/bip39@1.2.1":
  version "1.2.1"
  resolved "https://registry.npmjs.org/@scure/bip39/-/bip39-1.2.1.tgz"
  integrity sha512-Z3/Fsz1yr904dduJD0NpiyRHhRYHdcnyh73FZWiV+/qhWi83wNJ3NWolYqCEN+ZWsUz2TWwajJggcRE9r1zUYg==
  dependencies:
    "@noble/hashes" "~1.3.0"
    "@scure/base" "~1.1.0"

"@types/adm-zip@^0.5.5":
  version "0.5.5"
  resolved "https://registry.npmjs.org/@types/adm-zip/-/adm-zip-0.5.5.tgz"
  integrity sha512-YCGstVMjc4LTY5uK9/obvxBya93axZOVOyf2GSUulADzmLhYE45u2nAssCs/fWBs1Ifq5Vat75JTPwd5XZoPJw==
  dependencies:
    "@types/node" "*"

"@types/cli-progress@^3.11.5":
  version "3.11.5"
  resolved "https://registry.npmjs.org/@types/cli-progress/-/cli-progress-3.11.5.tgz"
  integrity sha512-D4PbNRbviKyppS5ivBGyFO29POlySLmA2HyUFE4p5QGazAMM3CwkKWcvTl8gvElSuxRh6FPKL8XmidX873ou4g==
  dependencies:
    "@types/node" "*"

"@types/node@*", "@types/node@^20.11.30":
  version "20.14.2"
  resolved "https://registry.npmjs.org/@types/node/-/node-20.14.2.tgz"
  integrity sha512-xyu6WAMVwv6AKFLB+e/7ySZVr/0zLCzOa7rSpq6jNwpqOrUbcACDWC+53d4n2QHOnDou0fbIsg8wZu/sxrnI4Q==
  dependencies:
    undici-types "~5.26.4"

"@urql/core@^4.3.0":
  version "4.3.0"
  resolved "https://registry.npmjs.org/@urql/core/-/core-4.3.0.tgz"
  integrity sha512-wT+FeL8DG4x5o6RfHEnONNFVDM3616ouzATMYUClB6CB+iIu2mwfBKd7xSUxYOZmwtxna5/hDRQdMl3nbQZlnw==
  dependencies:
    "@0no-co/graphql.web" "^1.0.1"
    wonka "^6.3.2"

abitype@1.0.0:
  version "1.0.0"
  resolved "https://registry.npmjs.org/abitype/-/abitype-1.0.0.tgz"
  integrity sha512-NMeMah//6bJ56H5XRj8QCV4AwuW6hB6zqz2LnhhLdcWVQOsXki6/Pn3APeqxCma62nXIcmZWdu1DlHWS74umVQ==

adm-zip@^0.5.12:
  version "0.5.14"
  resolved "https://registry.npmjs.org/adm-zip/-/adm-zip-0.5.14.tgz"
  integrity sha512-DnyqqifT4Jrcvb8USYjp6FHtBpEIz1mnXu6pTRHZ0RL69LbQYiO+0lDFg5+OKA7U29oWSs3a/i8fhn8ZcceIWg==

ansi-regex@^5.0.1:
  version "5.0.1"
  resolved "https://registry.npmjs.org/ansi-regex/-/ansi-regex-5.0.1.tgz"
  integrity sha512-quJQXlTSUGL2LH9SUXo8VwsY4soanhgo6LNSm84E1LBcE8s3O0wpdiRzyR9z/ZZJMlMWv37qOOb9pdJlMUEKFQ==

cli-progress@^3.12.0:
  version "3.12.0"
  resolved "https://registry.npmjs.org/cli-progress/-/cli-progress-3.12.0.tgz"
  integrity sha512-tRkV3HJ1ASwm19THiiLIXLO7Im7wlTuKnvkYaTkyoAPefqjNg7W7DHKUlGRxy9vxDvbyCYQkQozvptuMkGCg8A==
  dependencies:
    string-width "^4.2.3"

emoji-regex@^8.0.0:
  version "8.0.0"
  resolved "https://registry.npmjs.org/emoji-regex/-/emoji-regex-8.0.0.tgz"
  integrity sha512-MSjYzcWNOA0ewAHpz0MxpYFvwg6yjy1NG3xteoqz644VCo/RPgnr1/GGt+ic3iJTzQ8Eu3TdM14SawnVUmGE6A==

is-fullwidth-code-point@^3.0.0:
  version "3.0.0"
  resolved "https://registry.npmjs.org/is-fullwidth-code-point/-/is-fullwidth-code-point-3.0.0.tgz"
  integrity sha512-zymm5+u+sCsSWyD9qNaejV3DFvhCKclKdizYaJUuHA83RLjb7nSuGnddCHGv0hk+KY7BMAlsWeK4Ueg6EV6XQg==

isows@1.0.4:
  version "1.0.4"
  resolved "https://registry.npmjs.org/isows/-/isows-1.0.4.tgz"
  integrity sha512-hEzjY+x9u9hPmBom9IIAqdJCwNLax+xrPb51vEPpERoFlIxgmZcHzsT5jKG06nvInKOBGvReAVz80Umed5CczQ==

string-width@^4.2.3:
  version "4.2.3"
  resolved "https://registry.npmjs.org/string-width/-/string-width-4.2.3.tgz"
  integrity sha512-wKyQRQpjJ0sIp62ErSZdGsjMJWsap5oRNihHhu6G7JVO/9jIB6UyevL+tXuOqrng8j/cxKTWyWUwvSTriiZz/g==
  dependencies:
    emoji-regex "^8.0.0"
    is-fullwidth-code-point "^3.0.0"
    strip-ansi "^6.0.1"

strip-ansi@^6.0.1:
  version "6.0.1"
  resolved "https://registry.npmjs.org/strip-ansi/-/strip-ansi-6.0.1.tgz"
  integrity sha512-Y38VPSHcqkFrCpFnQ9vuSXmquuv5oXOKpGeT6aGrr3o3Gc9AlVa6JBfUSOCnbxGGZF+/0ooI7KrPuUSztUdU5A==
  dependencies:
    ansi-regex "^5.0.1"

undici-types@~5.26.4:
  version "5.26.5"
  resolved "https://registry.npmjs.org/undici-types/-/undici-types-5.26.5.tgz"
  integrity sha512-JlCMO+ehdEIKqlFxk6IfVoAUVmgz7cU7zD/h9XZ0qzeosSHmUJVOzSQvvYSYWXkFXC+IfLKSIffhv0sVZup6pA==

viem@^2.14.0:
  version "2.14.0"
  resolved "https://registry.yarnpkg.com/viem/-/viem-2.14.0.tgz#e9908b7c5512c419ca51cb74615c1893df3b9404"
  integrity sha512-+XnuRNONDRyMNEM+1n6Ak41Py0KBFOmirQ67wPv//ytCmNIJhmy8vqhdFREr3m51GAGgDkllh4JoAdCUUaZJLw==
  dependencies:
    "@adraffy/ens-normalize" "1.10.0"
    "@noble/curves" "1.2.0"
    "@noble/hashes" "1.3.2"
    "@scure/bip32" "1.3.2"
    "@scure/bip39" "1.2.1"
    abitype "1.0.0"
    isows "1.0.4"
    ws "8.13.0"

viem@^2.9.3:
  version "2.14.0"
  resolved "https://registry.npmjs.org/viem/-/viem-2.14.0.tgz"
  integrity sha512-+XnuRNONDRyMNEM+1n6Ak41Py0KBFOmirQ67wPv//ytCmNIJhmy8vqhdFREr3m51GAGgDkllh4JoAdCUUaZJLw==
  dependencies:
    "@adraffy/ens-normalize" "1.10.0"
    "@noble/curves" "1.2.0"
    "@noble/hashes" "1.3.2"
    "@scure/bip32" "1.3.2"
    "@scure/bip39" "1.2.1"
    abitype "1.0.0"
    isows "1.0.4"
    ws "8.13.0"

wonka@^6.3.2:
  version "6.3.4"
  resolved "https://registry.npmjs.org/wonka/-/wonka-6.3.4.tgz"
  integrity sha512-CjpbqNtBGNAeyNS/9W6q3kSkKE52+FjIj7AkFlLr11s/VWGUu6a2CdYSdGxocIhIVjaW/zchesBQUKPVU69Cqg==

ws@8.13.0:
  version "8.13.0"
  resolved "https://registry.npmjs.org/ws/-/ws-8.13.0.tgz"
  integrity sha512-x9vcZYTrFPC7aSIbj7sRCYo7L/Xb8Iy+pW0ng0wt2vCJv7M9HOMy0UoN3rr+IFC7hb7vXoqS+P9ktyLLLhO+LA==
